
Microsoft Visual Studio Solution File, Format Version 12.00
# Visual Studio Version 16
VisualStudioVersion = 16.0.31613.86
MinimumVisualStudioVersion = 10.0.40219.1
Project("{FAE04EC0-301F-11D3-BF4B-00C04F79EFBC}") = "Snake et Laders Anime", "Snake et Laders Anime\Snake et Laders Anime.csproj", "{DBCEFB1B-7FDA-4752-9B30-D92CA8C70B45}"
EndProject
Global
	GlobalSection(SolutionConfigurationPlatforms) = preSolution
		Debug|Any CPU = Debug|Any CPU
		Release|Any CPU = Release|Any CPU
	EndGlobalSection
	GlobalSection(ProjectConfigurationPlatforms) = postSolution
		{DBCEFB1B-7FDA-4752-9B30-D92CA8C70B45}.Debug|Any CPU.ActiveCfg = Debug|Any CPU
		{DBCEFB1B-7FDA-4752-9B30-D92CA8C70B45}.Debug|Any CPU.Build.0 = Debug|Any CPU
		{DBCEFB1B-7FDA-4752-9B30-D92CA8C70B45}.Release|Any CPU.ActiveCfg = Release|Any CPU
		{DBCEFB1B-7FDA-4752-9B30-D92CA8C70B45}.Release|Any CPU.Build.0 = Release|Any CPU
	EndGlobalSection
	GlobalSection(SolutionProperties) = preSolution
		HideSolutionNode = FALSE
	EndGlobalSection
	GlobalSection(ExtensibilityGlobals) = postSolution
		SolutionGuid = {2961F9AA-D39D-4429-9566-122483AA7892}
	EndGlobalSection
EndGlobal
